{
  "pins" : [
    {
      "identity" : "luciq-ios-sdk",
      "kind" : "remoteSourceControl",
      "location" : "https://github.com/luciqai/luciq-ios-sdk",
      "state" : {
        "revision" : "c950d0967bd8572383c4923765acead96f63b842",
        "version" : "19.9.0"
      }
    }
  ],
  "version" : 2
}
